
Microsoft Visual Studio Solution File, Format Version 12.00
# Visual Studio Version 17
VisualStudioVersion = 17.14.36414.22 d17.14
MinimumVisualStudioVersion = 10.0.40219.1
Project("{FAE04EC0-301F-11D3-BF4B-00C04F79EFBC}") = "AspNetDemoPortalAPI", "AspNetDemoPortalAPI.csproj", "{0FAA9DC6-2080-4888-920B-2EE86AF96726}"
EndProject
Global
	GlobalSection(SolutionConfigurationPlatforms) = preSolution
		Debug|Any CPU = Debug|Any CPU
		Release|Any CPU = Release|Any CPU
	EndGlobalSection
	GlobalSection(ProjectConfigurationPlatforms) = postSolution
		{0FAA9DC6-2080-4888-920B-2EE86AF96726}.Debug|Any CPU.ActiveCfg = Debug|Any CPU
		{0FAA9DC6-2080-4888-920B-2EE86AF96726}.Debug|Any CPU.Build.0 = Debug|Any CPU
		{0FAA9DC6-2080-4888-920B-2EE86AF96726}.Release|Any CPU.ActiveCfg = Release|Any CPU
		{0FAA9DC6-2080-4888-920B-2EE86AF96726}.Release|Any CPU.Build.0 = Release|Any CPU
	EndGlobalSection
	GlobalSection(SolutionProperties) = preSolution
		HideSolutionNode = FALSE
	EndGlobalSection
	GlobalSection(ExtensibilityGlobals) = postSolution
		SolutionGuid = {0C426B30-BE73-452D-896F-FCF3A08F097D}
	EndGlobalSection
EndGlobal
